
Microsoft Visual Studio Solution File, Format Version 12.00
Project("{FAE04EC0-301F-11D3-BF4B-00C04F79EFBC}") = "CSharp3", "CSharp3\CSharp3.csproj", "{AA2C284E-2164-4141-818B-B25004C28938}"
EndProject
Global
	GlobalSection(SolutionConfigurationPlatforms) = preSolution
		Debug|Any CPU = Debug|Any CPU
		Release|Any CPU = Release|Any CPU
	EndGlobalSection
	GlobalSection(ProjectConfigurationPlatforms) = postSolution
		{AA2C284E-2164-4141-818B-B25004C28938}.Debug|Any CPU.ActiveCfg = Debug|Any CPU
		{AA2C284E-2164-4141-818B-B25004C28938}.Debug|Any CPU.Build.0 = Debug|Any CPU
		{AA2C284E-2164-4141-818B-B25004C28938}.Release|Any CPU.ActiveCfg = Release|Any CPU
		{AA2C284E-2164-4141-818B-B25004C28938}.Release|Any CPU.Build.0 = Release|Any CPU
	EndGlobalSection
EndGlobal
